
Microsoft Visual Studio Solution File, Format Version 12.00
# Visual Studio Version 16
VisualStudioVersion = 16.0.31129.286
MinimumVisualStudioVersion = 10.0.40219.1
Project("{FAE04EC0-301F-11D3-BF4B-00C04F79EFBC}") = "G.One_GUI", "G.One_GUI\G.One_GUI.csproj", "{5CB546E1-85B4-4E75-8D02-738DB7E6CF76}"
EndProject
Global
	GlobalSection(SolutionConfigurationPlatforms) = preSolution
		Debug|Any CPU = Debug|Any CPU
		Release|Any CPU = Release|Any CPU
	EndGlobalSection
	GlobalSection(ProjectConfigurationPlatforms) = postSolution
		{5CB546E1-85B4-4E75-8D02-738DB7E6CF76}.Debug|Any CPU.ActiveCfg = Debug|Any CPU
		{5CB546E1-85B4-4E75-8D02-738DB7E6CF76}.Debug|Any CPU.Build.0 = Debug|Any CPU
		{5CB546E1-85B4-4E75-8D02-738DB7E6CF76}.Release|Any CPU.ActiveCfg = Release|Any CPU
		{5CB546E1-85B4-4E75-8D02-738DB7E6CF76}.Release|Any CPU.Build.0 = Release|Any CPU
	EndGlobalSection
	GlobalSection(SolutionProperties) = preSolution
		HideSolutionNode = FALSE
	EndGlobalSection
	GlobalSection(ExtensibilityGlobals) = postSolution
		SolutionGuid = {7D131655-2FE9-42B4-9A9B-903C15E3A098}
	EndGlobalSection
EndGlobal
